
Microsoft Visual Studio Solution File, Format Version 12.00
# Visual Studio 2012
Project("{FAE04EC0-301F-11D3-BF4B-00C04F79EFBC}") = "Bitcoin Capsule", "Bitcoin Capsule\Bitcoin Capsule.csproj", "{7390131D-713B-4822-BC14-346FC9008C47}"
EndProject
Global
	GlobalSection(SolutionConfigurationPlatforms) = preSolution
		Debug|Any CPU = Debug|Any CPU
		Release|Any CPU = Release|Any CPU
	EndGlobalSection
	GlobalSection(ProjectConfigurationPlatforms) = postSolution
		{7390131D-713B-4822-BC14-346FC9008C47}.Debug|Any CPU.ActiveCfg = Debug|Any CPU
		{7390131D-713B-4822-BC14-346FC9008C47}.Debug|Any CPU.Build.0 = Debug|Any CPU
		{7390131D-713B-4822-BC14-346FC9008C47}.Release|Any CPU.ActiveCfg = Release|Any CPU
		{7390131D-713B-4822-BC14-346FC9008C47}.Release|Any CPU.Build.0 = Release|Any CPU
	EndGlobalSection
	GlobalSection(SolutionProperties) = preSolution
		HideSolutionNode = FALSE
	EndGlobalSection
EndGlobal
